{
  "name": "CityStreetData",
  "lockfileVersion": 3,
  "requires": true,
  "packages": {
    "": {
      "devDependencies": {
        "@welldone-software/why-did-you-render": "^10.0.1"
      }
    },
    "node_modules/@welldone-software/why-did-you-render": {
      "version": "10.0.1",
      "resolved": "https://registry.npmjs.org/@welldone-software/why-did-you-render/-/why-did-you-render-10.0.1.tgz",
      "integrity": "sha512-tMgGkt30iVYeLMUKExNmtm019QgyjLtA7lwB0QAizYNEuihlCG2eoAWBBaz/bDeI7LeqAJ9msC6hY3vX+JB97g==",
      "dev": true,
      "license": "MIT",
      "dependencies": {
        "lodash": "^4"
      },
      "peerDependencies": {
        "react": "^19"
      }
    },
    "node_modules/lodash": {
      "version": "4.17.21",
      "resolved": "https://registry.npmjs.org/lodash/-/lodash-4.17.21.tgz",
      "integrity": "sha512-v2kDEe57lecTulaDIuNTPy3Ry4gLGJ6Z1O3vE1krgXZNrsQ+LFTGHVxVjcXPs17LhbZVGedAJv8XZ1tvj5FvSg==",
      "dev": true,
      "license": "MIT"
    },
    "node_modules/react": {
      "version": "19.2.0",
      "resolved": "https://registry.npmjs.org/react/-/react-19.2.0.tgz",
      "integrity": "sha512-tmbWg6W31tQLeB5cdIBOicJDJRR2KzXsV7uSK9iNfLWQ5bIZfxuPEHp7M8wiHyHnn0DD1i7w3Zmin0FtkrwoCQ==",
      "dev": true,
      "license": "MIT",
      "peer": true,
      "engines": {
        "node": ">=0.10.0"
      }
    }
  }
}
